<?xml version="1.0" encoding="utf-8"?>
<Project ToolsVersion="4.0" xmlns="http://schemas.microsoft.com/developer/msbuild/2003">
  <ItemGroup>
    <Filter Include="VST">
      <UniqueIdentifier>{4c625f8b-b726-40d3-b499-f8e65be8549c}</UniqueIdentifier>
    </Filter>
  </ItemGroup>
  <ItemGroup>
    <ClInclude Include="..\vst\aeffect.h">
      <Filter>VST</Filter>
    </ClInclude>
    <ClInclude Include="..\vst\aeffectx.h">
      <Filter>VST</Filter>
    </ClInclude>
    <ClInclude Include="..\vst\aeffeditor.h">
      <Filter>VST</Filter>
    </ClInclude>
    <ClInclude Include="..\vst\audioeffect.h">
      <Filter>VST</Filter>
    </ClInclude>
    <ClInclude Include="..\vst\audioeffectx.h">
      <Filter>VST</Filter>
    </ClInclude>
    <ClInclude Include="..\src\mdaTalkBox.h" />
  </ItemGroup>
  <ItemGroup>
    <ClCompile Include="..\vst\audioeffect.cpp">
      <Filter>VST</Filter>
    </ClCompile>
    <ClCompile Include="..\vst\audioeffectx.cpp">
      <Filter>VST</Filter>
    </ClCompile>
    <ClCompile Include="..\vst\vstplugmain.cpp">
      <Filter>VST</Filter>
    </ClCompile>
    <ClCompile Include="..\src\mdaTalkBox.cpp" />
  </ItemGroup>
</Project>